{
  "name": "tomorrow_web",
  "version": "0.0.987",
  "lockfileVersion": 1,
  "requires": true,
  "dependencies": {
    "@tweakpane/core": {
      "version": "1.0.6",
      "resolved": "https://registry.npmjs.org/@tweakpane/core/-/core-1.0.6.tgz",
      "integrity": "sha512-Q5331dFAgGyLvQHzrUdK11FV5nX7UTucW2x9w/Nl0h2zd/qtxs9mtbYSU5xEGnj5mtuI095CMV3mcQjYpyTCkQ==",
      "dev": true
    },
    "@tweakpane/plugin-essentials": {
      "version": "0.1.1",
      "resolved": "https://registry.npmjs.org/@tweakpane/plugin-essentials/-/plugin-essentials-0.1.1.tgz",
      "integrity": "sha512-H/CeErMwHaZ+wczpU34QH+frl5FAJmEUJoiL/06okSTntjYRLq/Fk1u4rYi+5+XBpLJ6QfdBzpuP8p7emQPeqw==",
      "dev": true
    },
    "@types/three": {
      "version": "0.129.2",
      "resolved": "https://registry.npmjs.org/@types/three/-/three-0.129.2.tgz",
      "integrity": "sha512-fZDNRtUFnq3baNjDiAzi4QoHYcczWtEdsduH/tpiwk91fbVk8COJiT/iLoN3tIOjLKMySoYsjUfP0VTmUfZKLw==",
      "dev": true
    },
    "an-array": {
      "version": "1.0.0",
      "resolved": "https://registry.npmjs.org/an-array/-/an-array-1.0.0.tgz",
      "integrity": "sha1-wSWlu4JXd4419LT2qpx9D6nkJmU=",
      "dev": true
    },
    "as-number": {
      "version": "1.0.0",
      "resolved": "https://registry.npmjs.org/as-number/-/as-number-1.0.0.tgz",
      "integrity": "sha1-rLJ+NPj52KsNqeN287iVmGD4CmY=",
      "dev": true
    },
    "dtype": {
      "version": "2.0.0",
      "resolved": "https://registry.npmjs.org/dtype/-/dtype-2.0.0.tgz",
      "integrity": "sha1-zQUjI84GFETs0uj1dI9popvihDQ=",
      "dev": true
    },
    "is-buffer": {
      "version": "1.1.6",
      "resolved": "https://registry.npmjs.org/is-buffer/-/is-buffer-1.1.6.tgz",
      "integrity": "sha512-NcdALwpXkTm5Zvvbk7owOUSvVvBKDgKP5/ewfXEznmQFfs4ZRmanOeKBTjRVjka3QFoN6XJ+9F3USqfHqTaU5w==",
      "dev": true
    },
    "layout-bmfont-text": {
      "version": "1.3.4",
      "resolved": "https://registry.npmjs.org/layout-bmfont-text/-/layout-bmfont-text-1.3.4.tgz",
      "integrity": "sha1-8g8sVGR3T0jabOipl/vObUaUW4E=",
      "dev": true,
      "requires": {
        "as-number": "^1.0.0",
        "word-wrapper": "^1.0.7",
        "xtend": "^4.0.0"
      }
    },
    "quad-indices": {
      "version": "2.0.1",
      "resolved": "https://registry.npmjs.org/quad-indices/-/quad-indices-2.0.1.tgz",
      "integrity": "sha1-ppQdiaE9Y+7WwdSlpiGgRjYXqBQ=",
      "dev": true,
      "requires": {
        "an-array": "^1.0.0",
        "dtype": "^2.0.0",
        "is-buffer": "^1.0.2"
      }
    },
    "three": {
      "version": "0.129.0",
      "resolved": "https://registry.npmjs.org/three/-/three-0.129.0.tgz",
      "integrity": "sha512-wiWio1yVRg2Oj6WEWsTHQo5eSzYpEwSBtPSi3OofNpvFbf26HFfb9kw4FZJNjII4qxzp0b1xLB11+tKkBGB1ZA==",
      "dev": true
    },
    "tweakpane": {
      "version": "3.0.5",
      "resolved": "https://registry.npmjs.org/tweakpane/-/tweakpane-3.0.5.tgz",
      "integrity": "sha512-HivFjOs510RbZSNgxv4x5LVFsHFN1ryfgpOp3n6wrgg1jLxbdlA/UTIbTLi/DYH7g76rGQqW/+IRmHPfjIujpQ==",
      "dev": true
    },
    "typescript": {
      "version": "4.3.5",
      "resolved": "https://registry.npmjs.org/typescript/-/typescript-4.3.5.tgz",
      "integrity": "sha512-DqQgihaQ9cUrskJo9kIyW/+g0Vxsk8cDtZ52a3NGh0YNTfpUSArXSohyUGnvbPazEPLu398C0UxmKSOrPumUzA==",
      "dev": true
    },
    "word-wrapper": {
      "version": "1.0.7",
      "resolved": "https://registry.npmjs.org/word-wrapper/-/word-wrapper-1.0.7.tgz",
      "integrity": "sha1-HxSv6/Zt/fD+9V79NxhO+9CMKLY=",
      "dev": true
    },
    "xtend": {
      "version": "4.0.2",
      "resolved": "https://registry.npmjs.org/xtend/-/xtend-4.0.2.tgz",
      "integrity": "sha512-LKYU1iAXJXUgAXn9URjiu+MWhyUXHsvfp7mcuYm9dSUKK0/CjtrUwFAxD82/mCWbtLsGjFIad0wIsod4zrTAEQ==",
      "dev": true
    }
  }
}
